
Microsoft Visual Studio Solution File, Format Version 12.00
# Visual Studio Version 17
VisualStudioVersion = 17.11.35312.102
MinimumVisualStudioVersion = 10.0.40219.1
Project("{FAE04EC0-301F-11D3-BF4B-00C04F79EFBC}") = "HAVA DURUMU", "HAVA DURUMU\HAVA DURUMU.csproj", "{54550078-DBB5-4275-B39E-9110AD4D2AC5}"
EndProject
Global
	GlobalSection(SolutionConfigurationPlatforms) = preSolution
		Debug|Any CPU = Debug|Any CPU
		Release|Any CPU = Release|Any CPU
	EndGlobalSection
	GlobalSection(ProjectConfigurationPlatforms) = postSolution
		{54550078-DBB5-4275-B39E-9110AD4D2AC5}.Debug|Any CPU.ActiveCfg = Debug|Any CPU
		{54550078-DBB5-4275-B39E-9110AD4D2AC5}.Debug|Any CPU.Build.0 = Debug|Any CPU
		{54550078-DBB5-4275-B39E-9110AD4D2AC5}.Release|Any CPU.ActiveCfg = Release|Any CPU
		{54550078-DBB5-4275-B39E-9110AD4D2AC5}.Release|Any CPU.Build.0 = Release|Any CPU
	EndGlobalSection
	GlobalSection(SolutionProperties) = preSolution
		HideSolutionNode = FALSE
	EndGlobalSection
	GlobalSection(ExtensibilityGlobals) = postSolution
		SolutionGuid = {AE39AFD8-CE15-4332-9A02-51B26EA8BC22}
	EndGlobalSection
EndGlobal
